{
  "name": "Mellon",
  "lockfileVersion": 3,
  "requires": true,
  "packages": {
    "": {
      "dependencies": {
        "@fontsource/inter": "^5.1.1"
      }
    },
    "node_modules/@fontsource/inter": {
      "version": "5.1.1",
      "resolved": "https://registry.npmjs.org/@fontsource/inter/-/inter-5.1.1.tgz",
      "integrity": "sha512-weN3E+rq0Xb3Z93VHJ+Rc7WOQX9ETJPTAJ+gDcaMHtjft67L58sfS65rAjC5tZUXQ2FdZ/V1/sSzCwZ6v05kJw==",
      "license": "OFL-1.1"
    }
  }
}
